
Microsoft Visual Studio Solution File, Format Version 12.00
# Visual Studio Version 17
VisualStudioVersion = 17.5.33530.505
MinimumVisualStudioVersion = 10.0.40219.1
Project("{FAE04EC0-301F-11D3-BF4B-00C04F79EFBC}") = "PortalWeb", "PortalWeb\PortalWeb.csproj", "{0E9EF9A9-4078-4BAA-8C5C-219C95B53C67}"
EndProject
Global
	GlobalSection(SolutionConfigurationPlatforms) = preSolution
		Debug|Any CPU = Debug|Any CPU
		Release|Any CPU = Release|Any CPU
	EndGlobalSection
	GlobalSection(ProjectConfigurationPlatforms) = postSolution
		{0E9EF9A9-4078-4BAA-8C5C-219C95B53C67}.Debug|Any CPU.ActiveCfg = Debug|Any CPU
		{0E9EF9A9-4078-4BAA-8C5C-219C95B53C67}.Debug|Any CPU.Build.0 = Debug|Any CPU
		{0E9EF9A9-4078-4BAA-8C5C-219C95B53C67}.Release|Any CPU.ActiveCfg = Release|Any CPU
		{0E9EF9A9-4078-4BAA-8C5C-219C95B53C67}.Release|Any CPU.Build.0 = Release|Any CPU
	EndGlobalSection
	GlobalSection(SolutionProperties) = preSolution
		HideSolutionNode = FALSE
	EndGlobalSection
	GlobalSection(ExtensibilityGlobals) = postSolution
		SolutionGuid = {E5F89C10-5808-47A4-8968-6074DE0A4056}
	EndGlobalSection
EndGlobal
